
Microsoft Visual Studio Solution File, Format Version 12.00
# Visual Studio Version 17
VisualStudioVersion = 17.14.36616.10 d17.14
MinimumVisualStudioVersion = 10.0.40219.1
Project("{FAE04EC0-301F-11D3-BF4B-00C04F79EFBC}") = "OverwatchApplication", "OverwatchApplication\OverwatchApplication.csproj", "{DBD123D3-B14A-4136-8546-E6C73BD9C85F}"
EndProject
Global
	GlobalSection(SolutionConfigurationPlatforms) = preSolution
		Debug|Any CPU = Debug|Any CPU
		Release|Any CPU = Release|Any CPU
	EndGlobalSection
	GlobalSection(ProjectConfigurationPlatforms) = postSolution
		{DBD123D3-B14A-4136-8546-E6C73BD9C85F}.Debug|Any CPU.ActiveCfg = Debug|Any CPU
		{DBD123D3-B14A-4136-8546-E6C73BD9C85F}.Debug|Any CPU.Build.0 = Debug|Any CPU
		{DBD123D3-B14A-4136-8546-E6C73BD9C85F}.Release|Any CPU.ActiveCfg = Release|Any CPU
		{DBD123D3-B14A-4136-8546-E6C73BD9C85F}.Release|Any CPU.Build.0 = Release|Any CPU
	EndGlobalSection
	GlobalSection(SolutionProperties) = preSolution
		HideSolutionNode = FALSE
	EndGlobalSection
	GlobalSection(ExtensibilityGlobals) = postSolution
		SolutionGuid = {530D770C-F2F5-4073-A9A5-6B25CFD8E7CB}
	EndGlobalSection
EndGlobal
